// !$*UTF8*$!
{
	archiveVersion = 1;
	classes = {
	};
	objectVersion = 50;
	objects = {

/* Begin PBXBuildFile section */
		8ED100C3233C825A002A1D18 /* Opening.mp3 in Resources */ = {isa = PBXBuildFile; fileRef = 8ED100C2233C825A002A1D18 /* Opening.mp3 */; };
		8ED79FDB233350540048782A /* AppDelegate.swift in Sources */ = {isa = PBXBuildFile; fileRef = 8ED79FDA233350540048782A /* AppDelegate.swift */; };
		8ED79FDD233350540048782A /* ViewController.swift in Sources */ = {isa = PBXBuildFile; fileRef = 8ED79FDC233350540048782A /* ViewController.swift */; };
		8ED79FE0233350540048782A /* Main.storyboard in Resources */ = {isa = PBXBuildFile; fileRef = 8ED79FDE233350540048782A /* Main.storyboard */; };
		8ED79FE2233350560048782A /* Assets.xcassets in Resources */ = {isa = PBXBuildFile; fileRef = 8ED79FE1233350560048782A /* Assets.xcassets */; };
		8ED79FE5233350560048782A /* LaunchScreen.storyboard in Resources */ = {isa = PBXBuildFile; fileRef = 8ED79FE3233350560048782A /* LaunchScreen.storyboard */; };
		8ED79FF0233350560048782A /* MusicTests.swift in Sources */ = {isa = PBXBuildFile; fileRef = 8ED79FEF233350560048782A /* MusicTests.swift */; };
		8ED79FFB233350560048782A /* MusicUITests.swift in Sources */ = {isa = PBXBuildFile; fileRef = 8ED79FFA233350560048782A /* MusicUITests.swift */; };
/* End PBXBuildFile section */

/* Begin PBXContainerItemProxy section */
		8ED79FEC233350560048782A /* PBXContainerItemProxy */ = {
			isa = PBXContainerItemProxy;
			containerPortal = 8ED79FCF233350540048782A /* Project object */;
			proxyType = 1;
			remoteGlobalIDString = 8ED79FD6233350540048782A;
			remoteInfo = Music;
		};
		8ED79FF7233350560048782A /* PBXContainerItemProxy */ = {
			isa = PBXContainerItemProxy;
			containerPortal = 8ED79FCF233350540048782A /* Project object */;
			proxyType = 1;
			remoteGlobalIDString = 8ED79FD6233350540048782A;
			remoteInfo = Music;
		};
/* End PBXContainerItemProxy section */

/* Begin PBXFileReference section */
		8ED100C2233C825A002A1D18 /* Opening.mp3 */ = {isa = PBXFileReference; lastKnownFileType = audio.mp3; name = Opening.mp3; path = ../../../../../../MadNess/Program/Music/Opening.mp3; sourceTree = "<group>"; };
		8ED79FD7233350540048782A /* Music.app */ = {isa = PBXFileReference; explicitFileType = wrapper.application; includeInIndex = 0; path = Music.app; sourceTree = BUILT_PRODUCTS_DIR; };
		8ED79FDA233350540048782A /* AppDelegate.swift */ = {isa = PBXFileReference; lastKnownFileType = sourcecode.swift; path = AppDelegate.swift; sourceTree = "<group>"; };
		8ED79FDC233350540048782A /* ViewController.swift */ = {isa = PBXFileReference; lastKnownFileType = sourcecode.swift; path = ViewController.swift; sourceTree = "<group>"; };
		8ED79FDF233350540048782A /* Base */ = {isa = PBXFileReference; lastKnownFileType = file.storyboard; name = Base; path = Base.lproj/Main.storyboard; sourceTree = "<group>"; };
		8ED79FE1233350560048782A /* Assets.xcassets */ = {isa = PBXFileReference; lastKnownFileType = folder.assetcatalog; path = Assets.xcassets; sourceTree = "<group>"; };
		8ED79FE4233350560048782A /* Base */ = {isa = PBXFileReference; lastKnownFileType = file.storyboard; name = Base; path = Base.lproj/LaunchScreen.storyboard; sourceTree = "<group>"; };
		8ED79FE6233350560048782A /* Info.plist */ = {isa = PBXFileReference; lastKnownFileType = text.plist.xml; path = Info.plist; sourceTree = "<group>"; };
		8ED79FEB233350560048782A /* MusicTests.xctest */ = {isa = PBXFileReference; explicitFileType = wrapper.cfbundle; includeInIndex = 0; path = MusicTests.xctest; sourceTree = BUILT_PRODUCTS_DIR; };
		8ED79FEF233350560048782A /* MusicTests.swift */ = {isa = PBXFileReference; lastKnownFileType = sourcecode.swift; path = MusicTests.swift; sourceTree = "<group>"; };
		8ED79FF1233350560048782A /* Info.plist */ = {isa = PBXFileReference; lastKnownFileType = text.plist.xml; path = Info.plist; sourceTree = "<group>"; };
		8ED79FF6233350560048782A /* MusicUITests.xctest */ = {isa = PBXFileReference; explicitFileType = wrapper.cfbundle; includeInIndex = 0; path = MusicUITests.xctest; sourceTree = BUILT_PRODUCTS_DIR; };
		8ED79FFA233350560048782A /* MusicUITests.swift */ = {isa = PBXFileReference; lastKnownFileType = sourcecode.swift; path = MusicUITests.swift; sourceTree = "<group>"; };
		8ED79FFC233350560048782A /* Info.plist */ = {isa = PBXFileReference; lastKnownFileType = text.plist.xml; path = Info.plist; sourceTree = "<group>"; };
/* End PBXFileReference section */

/* Begin PBXFrameworksBuildPhase section */
		8ED79FD4233350540048782A /* Frameworks */ = {
			isa = PBXFrameworksBuildPhase;
			buildActionMask = 2147483647;
			files = (
			);
			runOnlyForDeploymentPostprocessing = 0;
		};
		8ED79FE8233350560048782A /* Frameworks */ = {
			isa = PBXFrameworksBuildPhase;
			buildActionMask = 2147483647;
			files = (
			);
			runOnlyForDeploymentPostprocessing = 0;
		};
		8ED79FF3233350560048782A /* Frameworks */ = {
			isa = PBXFrameworksBuildPhase;
			buildActionMask = 2147483647;
			files = (
			);
			runOnlyForDeploymentPostprocessing = 0;
		};
/* End PBXFrameworksBuildPhase section */

/* Begin PBXGroup section */
		8ED79FCE233350540048782A = {
			isa = PBXGroup;
			children = (
				8ED79FD9233350540048782A /* Music */,
				8ED79FEE233350560048782A /* MusicTests */,
				8ED79FF9233350560048782A /* MusicUITests */,
				8ED79FD8233350540048782A /* Products */,
			);
			sourceTree = "<group>";
		};
		8ED79FD8233350540048782A /* Products */ = {
			isa = PBXGroup;
			children = (
				8ED79FD7233350540048782A /* Music.app */,
				8ED79FEB233350560048782A /* MusicTests.xctest */,
				8ED79FF6233350560048782A /* MusicUITests.xctest */,
			);
			name = Products;
			sourceTree = "<group>";
		};
		8ED79FD9233350540048782A /* Music */ = {
			isa = PBXGroup;
			children = (
				8ED100C2233C825A002A1D18 /* Opening.mp3 */,
				8ED79FDA233350540048782A /* AppDelegate.swift */,
				8ED79FDC233350540048782A /* ViewController.swift */,
				8ED79FDE233350540048782A /* Main.storyboard */,
				8ED79FE1233350560048782A /* Assets.xcassets */,
				8ED79FE3233350560048782A /* LaunchScreen.storyboard */,
				8ED79FE6233350560048782A /* Info.plist */,
			);
			path = Music;
			sourceTree = "<group>";
		};
		8ED79FEE233350560048782A /* MusicTests */ = {
			isa = PBXGroup;
			children = (
				8ED79FEF233350560048782A /* MusicTests.swift */,
				8ED79FF1233350560048782A /* Info.plist */,
			);
			path = MusicTests;
			sourceTree = "<group>";
		};
		8ED79FF9233350560048782A /* MusicUITests */ = {
			isa = PBXGroup;
			children = (
				8ED79FFA233350560048782A /* MusicUITests.swift */,
				8ED79FFC233350560048782A /* Info.plist */,
			);
			path = MusicUITests;
			sourceTree = "<group>";
		};
/* End PBXGroup section */

/* Begin PBXNativeTarget section */
		8ED79FD6233350540048782A /* Music */ = {
			isa = PBXNativeTarget;
			buildConfigurationList = 8ED79FFF233350560048782A /* Build configuration list for PBXNativeTarget "Music" */;
			buildPhases = (
				8ED79FD3233350540048782A /* Sources */,
				8ED79FD4233350540048782A /* Frameworks */,
				8ED79FD5233350540048782A /* Resources */,
			);
			buildRules = (
			);
			dependencies = (
			);
			name = Music;
			productName = Music;
			productReference = 8ED79FD7233350540048782A /* Music.app */;
			productType = "com.apple.product-type.application";
		};
		8ED79FEA233350560048782A /* MusicTests */ = {
			isa = PBXNativeTarget;
			buildConfigurationList = 8ED7A002233350560048782A /* Build configuration list for PBXNativeTarget "MusicTests" */;
			buildPhases = (
				8ED79FE7233350560048782A /* Sources */,
				8ED79FE8233350560048782A /* Frameworks */,
				8ED79FE9233350560048782A /* Resources */,
			);
			buildRules = (
			);
			dependencies = (
				8ED79FED233350560048782A /* PBXTargetDependency */,
			);
			name = MusicTests;
			productName = MusicTests;
			productReference = 8ED79FEB233350560048782A /* MusicTests.xctest */;
			productType = "com.apple.product-type.bundle.unit-test";
		};
		8ED79FF5233350560048782A /* MusicUITests */ = {
			isa = PBXNativeTarget;
			buildConfigurationList = 8ED7A005233350560048782A /* Build configuration list for PBXNativeTarget "MusicUITests" */;
			buildPhases = (
				8ED79FF2233350560048782A /* Sources */,
				8ED79FF3233350560048782A /* Frameworks */,
				8ED79FF4233350560048782A /* Resources */,
			);
			buildRules = (
			);
			dependencies = (
				8ED79FF8233350560048782A /* PBXTargetDependency */,
			);
			name = MusicUITests;
			productName = MusicUITests;
			productReference = 8ED79FF6233350560048782A /* MusicUITests.xctest */;
			productType = "com.apple.product-type.bundle.ui-testing";
		};
/* End PBXNativeTarget section */

/* Begin PBXProject section */
		8ED79FCF233350540048782A /* Project object */ = {
			isa = PBXProject;
			attributes = {
				LastSwiftUpdateCheck = 1020;
				LastUpgradeCheck = 1020;
				ORGANIZATIONNAME = "小山順一";
				TargetAttributes = {
					8ED79FD6233350540048782A = {
						CreatedOnToolsVersion = 10.2;
					};
					8ED79FEA233350560048782A = {
						CreatedOnToolsVersion = 10.2;
						TestTargetID = 8ED79FD6233350540048782A;
					};
					8ED79FF5233350560048782A = {
						CreatedOnToolsVersion = 10.2;
						TestTargetID = 8ED79FD6233350540048782A;
					};
				};
			};
			buildConfigurationList = 8ED79FD2233350540048782A /* Build configuration list for PBXProject "Music" */;
			compatibilityVersion = "Xcode 9.3";
			developmentRegion = en;
			hasScannedForEncodings = 0;
			knownRegions = (
				en,
				Base,
			);
			mainGroup = 8ED79FCE233350540048782A;
			productRefGroup = 8ED79FD8233350540048782A /* Products */;
			projectDirPath = "";
			projectRoot = "";
			targets = (
				8ED79FD6233350540048782A /* Music */,
				8ED79FEA233350560048782A /* MusicTests */,
				8ED79FF5233350560048782A /* MusicUITests */,
			);
		};
/* End PBXProject section */

/* Begin PBXResourcesBuildPhase section */
		8ED79FD5233350540048782A /* Resources */ = {
			isa = PBXResourcesBuildPhase;
			buildActionMask = 2147483647;
			files = (
				8ED79FE5233350560048782A /* LaunchScreen.storyboard in Resources */,
				8ED100C3233C825A002A1D18 /* Opening.mp3 in Resources */,
				8ED79FE2233350560048782A /* Assets.xcassets in Resources */,
				8ED79FE0233350540048782A /* Main.storyboard in Resources */,
			);
			runOnlyForDeploymentPostprocessing = 0;
		};
		8ED79FE9233350560048782A /* Resources */ = {
			isa = PBXResourcesBuildPhase;
			buildActionMask = 2147483647;
			files = (
			);
			runOnlyForDeploymentPostprocessing = 0;
		};
		8ED79FF4233350560048782A /* Resources */ = {
			isa = PBXResourcesBuildPhase;
			buildActionMask = 2147483647;
			files = (
			);
			runOnlyForDeploymentPostprocessing = 0;
		};
/* End PBXResourcesBuildPhase section */

/* Begin PBXSourcesBuildPhase section */
		8ED79FD3233350540048782A /* Sources */ = {
			isa = PBXSourcesBuildPhase;
			buildActionMask = 2147483647;
			files = (
				8ED79FDD233350540048782A /* ViewController.swift in Sources */,
				8ED79FDB233350540048782A /* AppDelegate.swift in Sources */,
			);
			runOnlyForDeploymentPostprocessing = 0;
		};
		8ED79FE7233350560048782A /* Sources */ = {
			isa = PBXSourcesBuildPhase;
			buildActionMask = 2147483647;
			files = (
				8ED79FF0233350560048782A /* MusicTests.swift in Sources */,
			);
			runOnlyForDeploymentPostprocessing = 0;
		};
		8ED79FF2233350560048782A /* Sources */ = {
			isa = PBXSourcesBuildPhase;
			buildActionMask = 2147483647;
			files = (
				8ED79FFB233350560048782A /* MusicUITests.swift in Sources */,
			);
			runOnlyForDeploymentPostprocessing = 0;
		};
/* End PBXSourcesBuildPhase section */

/* Begin PBXTargetDependency section */
		8ED79FED233350560048782A /* PBXTargetDependency */ = {
			isa = PBXTargetDependency;
			target = 8ED79FD6233350540048782A /* Music */;
			targetProxy = 8ED79FEC233350560048782A /* PBXContainerItemProxy */;
		};
		8ED79FF8233350560048782A /* PBXTargetDependency */ = {
			isa = PBXTargetDependency;
			target = 8ED79FD6233350540048782A /* Music */;
			targetProxy = 8ED79FF7233350560048782A /* PBXContainerItemProxy */;
		};
/* End PBXTargetDependency section */

/* Begin PBXVariantGroup section */
		8ED79FDE233350540048782A /* Main.storyboard */ = {
			isa = PBXVariantGroup;
			children = (
				8ED79FDF233350540048782A /* Base */,
			);
			name = Main.storyboard;
			sourceTree = "<group>";
		};
		8ED79FE3233350560048782A /* LaunchScreen.storyboard */ = {
			isa = PBXVariantGroup;
			children = (
				8ED79FE4233350560048782A /* Base */,
			);
			name = LaunchScreen.storyboard;
			sourceTree = "<group>";
		};
/* End PBXVariantGroup section */

/* Begin XCBuildConfiguration section */
		8ED79FFD233350560048782A /* Debug */ = {
			isa = XCBuildConfiguration;
			buildSettings = {
				ALWAYS_SEARCH_USER_PATHS = NO;
				CLANG_ANALYZER_NONNULL = YES;
				CLANG_ANALYZER_NUMBER_OBJECT_CONVERSION = YES_AGGRESSIVE;
				CLANG_CXX_LANGUAGE_STANDARD = "gnu++14";
				CLANG_CXX_LIBRARY = "libc++";
				CLANG_ENABLE_MODULES = YES;
				CLANG_ENABLE_OBJC_ARC = YES;
				CLANG_ENABLE_OBJC_WEAK = YES;
				CLANG_WARN_BLOCK_CAPTURE_AUTORELEASING = YES;
				CLANG_WARN_BOOL_CONVERSION = YES;
				CLANG_WARN_COMMA = YES;
				CLANG_WARN_CONSTANT_CONVERSION = YES;
				CLANG_WARN_DEPRECATED_OBJC_IMPLEMENTATIONS = YES;
				CLANG_WARN_DIRECT_OBJC_ISA_USAGE = YES_ERROR;
				CLANG_WARN_DOCUMENTATION_COMMENTS = YES;
				CLANG_WARN_EMPTY_BODY = YES;
				CLANG_WARN_ENUM_CONVERSION = YES;
				CLANG_WARN_INFINITE_RECURSION = YES;
				CLANG_WARN_INT_CONVERSION = YES;
				CLANG_WARN_NON_LITERAL_NULL_CONVERSION = YES;
				CLANG_WARN_OBJC_IMPLICIT_RETAIN_SELF = YES;
				CLANG_WARN_OBJC_LITERAL_CONVERSION = YES;
				CLANG_WARN_OBJC_ROOT_CLASS = YES_ERROR;
				CLANG_WARN_RANGE_LOOP_ANALYSIS = YES;
				CLANG_WARN_STRICT_PROTOTYPES = YES;
				CLANG_WARN_SUSPICIOUS_MOVE = YES;
				CLANG_WARN_UNGUARDED_AVAILABILITY = YES_AGGRESSIVE;
				CLANG_WARN_UNREACHABLE_CODE = YES;
				CLANG_WARN__DUPLICATE_METHOD_MATCH = YES;
				CODE_SIGN_IDENTITY = "iPhone Developer";
				COPY_PHASE_STRIP = NO;
				DEBUG_INFORMATION_FORMAT = dwarf;
				ENABLE_STRICT_OBJC_MSGSEND = YES;
				ENABLE_TESTABILITY = YES;
				GCC_C_LANGUAGE_STANDARD = gnu11;
				GCC_DYNAMIC_NO_PIC = NO;
				GCC_NO_COMMON_BLOCKS = YES;
				GCC_OPTIMIZATION_LEVEL = 0;
				GCC_PREPROCESSOR_DEFINITIONS = (
					"DEBUG=1",
					"$(inherited)",
				);
				GCC_WARN_64_TO_32_BIT_CONVERSION = YES;
				GCC_WARN_ABOUT_RETURN_TYPE = YES_ERROR;
				GCC_WARN_UNDECLARED_SELECTOR = YES;
				GCC_WARN_UNINITIALIZED_AUTOS = YES_AGGRESSIVE;
				GCC_WARN_UNUSED_FUNCTION = YES;
				GCC_WARN_UNUSED_VARIABLE = YES;
				IPHONEOS_DEPLOYMENT_TARGET = 12.2;
				MTL_ENABLE_DEBUG_INFO = INCLUDE_SOURCE;
				MTL_FAST_MATH = YES;
				ONLY_ACTIVE_ARCH = YES;
				SDKROOT = iphoneos;
				SWIFT_ACTIVE_COMPILATION_CONDITIONS = DEBUG;
				SWIFT_OPTIMIZATION_LEVEL = "-Onone";
			};
			name = Debug;
		};
		8ED79FFE233350560048782A /* Release */ = {
			isa = XCBuildConfiguration;
			buildSettings = {
				ALWAYS_SEARCH_USER_PATHS = NO;
				CLANG_ANALYZER_NONNULL = YES;
				CLANG_ANALYZER_NUMBER_OBJECT_CONVERSION = YES_AGGRESSIVE;
				CLANG_CXX_LANGUAGE_STANDARD = "gnu++14";
				CLANG_CXX_LIBRARY = "libc++";
				CLANG_ENABLE_MODULES = YES;
				CLANG_ENABLE_OBJC_ARC = YES;
				CLANG_ENABLE_OBJC_WEAK = YES;
				CLANG_WARN_BLOCK_CAPTURE_AUTORELEASING = YES;
				CLANG_WARN_BOOL_CONVERSION = YES;
				CLANG_WARN_COMMA = YES;
				CLANG_WARN_CONSTANT_CONVERSION = YES;
				CLANG_WARN_DEPRECATED_OBJC_IMPLEMENTATIONS = YES;
				CLANG_WARN_DIRECT_OBJC_ISA_USAGE = YES_ERROR;
				CLANG_WARN_DOCUMENTATION_COMMENTS = YES;
				CLANG_WARN_EMPTY_BODY = YES;
				CLANG_WARN_ENUM_CONVERSION = YES;
				CLANG_WARN_INFINITE_RECURSION = YES;
				CLANG_WARN_INT_CONVERSION = YES;
				CLANG_WARN_NON_LITERAL_NULL_CONVERSION = YES;
				CLANG_WARN_OBJC_IMPLICIT_RETAIN_SELF = YES;
				CLANG_WARN_OBJC_LITERAL_CONVERSION = YES;
				CLANG_WARN_OBJC_ROOT_CLASS = YES_ERROR;
				CLANG_WARN_RANGE_LOOP_ANALYSIS = YES;
				CLANG_WARN_STRICT_PROTOTYPES = YES;
				CLANG_WARN_SUSPICIOUS_MOVE = YES;
				CLANG_WARN_UNGUARDED_AVAILABILITY = YES_AGGRESSIVE;
				CLANG_WARN_UNREACHABLE_CODE = YES;
				CLANG_WARN__DUPLICATE_METHOD_MATCH = YES;
				CODE_SIGN_IDENTITY = "iPhone Developer";
				COPY_PHASE_STRIP = NO;
				DEBUG_INFORMATION_FORMAT = "dwarf-with-dsym";
				ENABLE_NS_ASSERTIONS = NO;
				ENABLE_STRICT_OBJC_MSGSEND = YES;
				GCC_C_LANGUAGE_STANDARD = gnu11;
				GCC_NO_COMMON_BLOCKS = YES;
				GCC_WARN_64_TO_32_BIT_CONVERSION = YES;
				GCC_WARN_ABOUT_RETURN_TYPE = YES_ERROR;
				GCC_WARN_UNDECLARED_SELECTOR = YES;
				GCC_WARN_UNINITIALIZED_AUTOS = YES_AGGRESSIVE;
				GCC_WARN_UNUSED_FUNCTION = YES;
				GCC_WARN_UNUSED_VARIABLE = YES;
				IPHONEOS_DEPLOYMENT_TARGET = 12.2;
				MTL_ENABLE_DEBUG_INFO = NO;
				MTL_FAST_MATH = YES;
				SDKROOT = iphoneos;
				SWIFT_COMPILATION_MODE = wholemodule;
				SWIFT_OPTIMIZATION_LEVEL = "-O";
				VALIDATE_PRODUCT = YES;
			};
			name = Release;
		};
		8ED7A000233350560048782A /* Debug */ = {
			isa = XCBuildConfiguration;
			buildSettings = {
				ASSETCATALOG_COMPILER_APPICON_NAME = AppIcon;
				CODE_SIGN_STYLE = Automatic;
				DEVELOPMENT_TEAM = 647AA26HSS;
				INFOPLIST_FILE = Music/Info.plist;
				LD_RUNPATH_SEARCH_PATHS = (
					"$(inherited)",
					"@executable_path/Frameworks",
				);
				PRODUCT_BUNDLE_IDENTIFIER = "Omoidasidama-KonoLv1.Music";
				PRODUCT_NAME = "$(TARGET_NAME)";
				SWIFT_VERSION = 5.0;
				TARGETED_DEVICE_FAMILY = "1,2";
			};
			name = Debug;
		};
		8ED7A001233350560048782A /* Release */ = {
			isa = XCBuildConfiguration;
			buildSettings = {
				ASSETCATALOG_COMPILER_APPICON_NAME = AppIcon;
				CODE_SIGN_STYLE = Automatic;
				DEVELOPMENT_TEAM = 647AA26HSS;
				INFOPLIST_FILE = Music/Info.plist;
				LD_RUNPATH_SEARCH_PATHS = (
					"$(inherited)",
					"@executable_path/Frameworks",
				);
				PRODUCT_BUNDLE_IDENTIFIER = "Omoidasidama-KonoLv1.Music";
				PRODUCT_NAME = "$(TARGET_NAME)";
				SWIFT_VERSION = 5.0;
				TARGETED_DEVICE_FAMILY = "1,2";
			};
			name = Release;
		};
		8ED7A003233350560048782A /* Debug */ = {
			isa = XCBuildConfiguration;
			buildSettings = {
				ALWAYS_EMBED_SWIFT_STANDARD_LIBRARIES = YES;
				BUNDLE_LOADER = "$(TEST_HOST)";
				CODE_SIGN_STYLE = Automatic;
				DEVELOPMENT_TEAM = 647AA26HSS;
				INFOPLIST_FILE = MusicTests/Info.plist;
				LD_RUNPATH_SEARCH_PATHS = (
					"$(inherited)",
					"@executable_path/Frameworks",
					"@loader_path/Frameworks",
				);
				PRODUCT_BUNDLE_IDENTIFIER = "Omoidasidama-KonoLv1.MusicTests";
				PRODUCT_NAME = "$(TARGET_NAME)";
				SWIFT_VERSION = 5.0;
				TARGETED_DEVICE_FAMILY = "1,2";
				TEST_HOST = "$(BUILT_PRODUCTS_DIR)/Music.app/Music";
			};
			name = Debug;
		};
		8ED7A004233350560048782A /* Release */ = {
			isa = XCBuildConfiguration;
			buildSettings = {
				ALWAYS_EMBED_SWIFT_STANDARD_LIBRARIES = YES;
				BUNDLE_LOADER = "$(TEST_HOST)";
				CODE_SIGN_STYLE = Automatic;
				DEVELOPMENT_TEAM = 647AA26HSS;
				INFOPLIST_FILE = MusicTests/Info.plist;
				LD_RUNPATH_SEARCH_PATHS = (
					"$(inherited)",
					"@executable_path/Frameworks",
					"@loader_path/Frameworks",
				);
				PRODUCT_BUNDLE_IDENTIFIER = "Omoidasidama-KonoLv1.MusicTests";
				PRODUCT_NAME = "$(TARGET_NAME)";
				SWIFT_VERSION = 5.0;
				TARGETED_DEVICE_FAMILY = "1,2";
				TEST_HOST = "$(BUILT_PRODUCTS_DIR)/Music.app/Music";
			};
			name = Release;
		};
		8ED7A006233350560048782A /* Debug */ = {
			isa = XCBuildConfiguration;
			buildSettings = {
				ALWAYS_EMBED_SWIFT_STANDARD_LIBRARIES = YES;
				CODE_SIGN_STYLE = Automatic;
				DEVELOPMENT_TEAM = 647AA26HSS;
				INFOPLIST_FILE = MusicUITests/Info.plist;
				LD_RUNPATH_SEARCH_PATHS = (
					"$(inherited)",
					"@executable_path/Frameworks",
					"@loader_path/Frameworks",
				);
				PRODUCT_BUNDLE_IDENTIFIER = "Omoidasidama-KonoLv1.MusicUITests";
				PRODUCT_NAME = "$(TARGET_NAME)";
				SWIFT_VERSION = 5.0;
				TARGETED_DEVICE_FAMILY = "1,2";
				TEST_TARGET_NAME = Music;
			};
			name = Debug;
		};
		8ED7A007233350560048782A /* Release */ = {
			isa = XCBuildConfiguration;
			buildSettings = {
				ALWAYS_EMBED_SWIFT_STANDARD_LIBRARIES = YES;
				CODE_SIGN_STYLE = Automatic;
				DEVELOPMENT_TEAM = 647AA26HSS;
				INFOPLIST_FILE = MusicUITests/Info.plist;
				LD_RUNPATH_SEARCH_PATHS = (
					"$(inherited)",
					"@executable_path/Frameworks",
					"@loader_path/Frameworks",
				);
				PRODUCT_BUNDLE_IDENTIFIER = "Omoidasidama-KonoLv1.MusicUITests";
				PRODUCT_NAME = "$(TARGET_NAME)";
				SWIFT_VERSION = 5.0;
				TARGETED_DEVICE_FAMILY = "1,2";
				TEST_TARGET_NAME = Music;
			};
			name = Release;
		};
/* End XCBuildConfiguration section */

/* Begin XCConfigurationList section */
		8ED79FD2233350540048782A /* Build configuration list for PBXProject "Music" */ = {
			isa = XCConfigurationList;
			buildConfigurations = (
				8ED79FFD233350560048782A /* Debug */,
				8ED79FFE233350560048782A /* Release */,
			);
			defaultConfigurationIsVisible = 0;
			defaultConfigurationName = Release;
		};
		8ED79FFF233350560048782A /* Build configuration list for PBXNativeTarget "Music" */ = {
			isa = XCConfigurationList;
			buildConfigurations = (
				8ED7A000233350560048782A /* Debug */,
				8ED7A001233350560048782A /* Release */,
			);
			defaultConfigurationIsVisible = 0;
			defaultConfigurationName = Release;
		};
		8ED7A002233350560048782A /* Build configuration list for PBXNativeTarget "MusicTests" */ = {
			isa = XCConfigurationList;
			buildConfigurations = (
				8ED7A003233350560048782A /* Debug */,
				8ED7A004233350560048782A /* Release */,
			);
			defaultConfigurationIsVisible = 0;
			defaultConfigurationName = Release;
		};
		8ED7A005233350560048782A /* Build configuration list for PBXNativeTarget "MusicUITests" */ = {
			isa = XCConfigurationList;
			buildConfigurations = (
				8ED7A006233350560048782A /* Debug */,
				8ED7A007233350560048782A /* Release */,
			);
			defaultConfigurationIsVisible = 0;
			defaultConfigurationName = Release;
		};
/* End XCConfigurationList section */
	};
	rootObject = 8ED79FCF233350540048782A /* Project object */;
}
