// !$*UTF8*$!
{
	archiveVersion = 1;
	classes = {
	};
	objectVersion = 50;
	objects = {

/* Begin PBXBuildFile section */
		8E0ADBF92326125E00E1F058 /* AppDelegate.swift in Sources */ = {isa = PBXBuildFile; fileRef = 8E0ADBF82326125E00E1F058 /* AppDelegate.swift */; };
		8E0ADBFB2326125E00E1F058 /* ViewController.swift in Sources */ = {isa = PBXBuildFile; fileRef = 8E0ADBFA2326125E00E1F058 /* ViewController.swift */; };
		8E0ADBFE2326125E00E1F058 /* Main.storyboard in Resources */ = {isa = PBXBuildFile; fileRef = 8E0ADBFC2326125E00E1F058 /* Main.storyboard */; };
		8E0ADC002326125F00E1F058 /* Assets.xcassets in Resources */ = {isa = PBXBuildFile; fileRef = 8E0ADBFF2326125F00E1F058 /* Assets.xcassets */; };
		8E0ADC032326125F00E1F058 /* LaunchScreen.storyboard in Resources */ = {isa = PBXBuildFile; fileRef = 8E0ADC012326125F00E1F058 /* LaunchScreen.storyboard */; };
		8E0ADC0E2326125F00E1F058 /* _______Tests.swift in Sources */ = {isa = PBXBuildFile; fileRef = 8E0ADC0D2326125F00E1F058 /* _______Tests.swift */; };
		8E0ADC192326125F00E1F058 /* _______UITests.swift in Sources */ = {isa = PBXBuildFile; fileRef = 8E0ADC182326125F00E1F058 /* _______UITests.swift */; };
		8E0ADC292326169600E1F058 /* CustomView.swift in Sources */ = {isa = PBXBuildFile; fileRef = 8E0ADC282326169600E1F058 /* CustomView.swift */; };
		8E0ADC2B232616B700E1F058 /* CustomView.xib in Resources */ = {isa = PBXBuildFile; fileRef = 8E0ADC2A232616B700E1F058 /* CustomView.xib */; };
		8E0ADC2D23261DDF00E1F058 /* CustomView2.swift in Sources */ = {isa = PBXBuildFile; fileRef = 8E0ADC2C23261DDF00E1F058 /* CustomView2.swift */; };
		8E0ADC2F23261DF800E1F058 /* CustomView2.xib in Resources */ = {isa = PBXBuildFile; fileRef = 8E0ADC2E23261DF800E1F058 /* CustomView2.xib */; };
/* End PBXBuildFile section */

/* Begin PBXContainerItemProxy section */
		8E0ADC0A2326125F00E1F058 /* PBXContainerItemProxy */ = {
			isa = PBXContainerItemProxy;
			containerPortal = 8E0ADBED2326125E00E1F058 /* Project object */;
			proxyType = 1;
			remoteGlobalIDString = 8E0ADBF42326125E00E1F058;
			remoteInfo = "アルキロク開発";
		};
		8E0ADC152326125F00E1F058 /* PBXContainerItemProxy */ = {
			isa = PBXContainerItemProxy;
			containerPortal = 8E0ADBED2326125E00E1F058 /* Project object */;
			proxyType = 1;
			remoteGlobalIDString = 8E0ADBF42326125E00E1F058;
			remoteInfo = "アルキロク開発";
		};
/* End PBXContainerItemProxy section */

/* Begin PBXFileReference section */
		8E0ADBF52326125E00E1F058 /* アルキロク開発.app */ = {isa = PBXFileReference; explicitFileType = wrapper.application; includeInIndex = 0; path = "アルキロク開発.app"; sourceTree = BUILT_PRODUCTS_DIR; };
		8E0ADBF82326125E00E1F058 /* AppDelegate.swift */ = {isa = PBXFileReference; lastKnownFileType = sourcecode.swift; path = AppDelegate.swift; sourceTree = "<group>"; };
		8E0ADBFA2326125E00E1F058 /* ViewController.swift */ = {isa = PBXFileReference; lastKnownFileType = sourcecode.swift; path = ViewController.swift; sourceTree = "<group>"; };
		8E0ADBFD2326125E00E1F058 /* Base */ = {isa = PBXFileReference; lastKnownFileType = file.storyboard; name = Base; path = Base.lproj/Main.storyboard; sourceTree = "<group>"; };
		8E0ADBFF2326125F00E1F058 /* Assets.xcassets */ = {isa = PBXFileReference; lastKnownFileType = folder.assetcatalog; path = Assets.xcassets; sourceTree = "<group>"; };
		8E0ADC022326125F00E1F058 /* Base */ = {isa = PBXFileReference; lastKnownFileType = file.storyboard; name = Base; path = Base.lproj/LaunchScreen.storyboard; sourceTree = "<group>"; };
		8E0ADC042326125F00E1F058 /* Info.plist */ = {isa = PBXFileReference; lastKnownFileType = text.plist.xml; path = Info.plist; sourceTree = "<group>"; };
		8E0ADC092326125F00E1F058 /* アルキロク開発Tests.xctest */ = {isa = PBXFileReference; explicitFileType = wrapper.cfbundle; includeInIndex = 0; path = "アルキロク開発Tests.xctest"; sourceTree = BUILT_PRODUCTS_DIR; };
		8E0ADC0D2326125F00E1F058 /* _______Tests.swift */ = {isa = PBXFileReference; lastKnownFileType = sourcecode.swift; path = "_______Tests.swift"; sourceTree = "<group>"; };
		8E0ADC0F2326125F00E1F058 /* Info.plist */ = {isa = PBXFileReference; lastKnownFileType = text.plist.xml; path = Info.plist; sourceTree = "<group>"; };
		8E0ADC142326125F00E1F058 /* アルキロク開発UITests.xctest */ = {isa = PBXFileReference; explicitFileType = wrapper.cfbundle; includeInIndex = 0; path = "アルキロク開発UITests.xctest"; sourceTree = BUILT_PRODUCTS_DIR; };
		8E0ADC182326125F00E1F058 /* _______UITests.swift */ = {isa = PBXFileReference; lastKnownFileType = sourcecode.swift; path = "_______UITests.swift"; sourceTree = "<group>"; };
		8E0ADC1A2326125F00E1F058 /* Info.plist */ = {isa = PBXFileReference; lastKnownFileType = text.plist.xml; path = Info.plist; sourceTree = "<group>"; };
		8E0ADC282326169600E1F058 /* CustomView.swift */ = {isa = PBXFileReference; lastKnownFileType = sourcecode.swift; path = CustomView.swift; sourceTree = "<group>"; };
		8E0ADC2A232616B700E1F058 /* CustomView.xib */ = {isa = PBXFileReference; lastKnownFileType = file.xib; path = CustomView.xib; sourceTree = "<group>"; };
		8E0ADC2C23261DDF00E1F058 /* CustomView2.swift */ = {isa = PBXFileReference; lastKnownFileType = sourcecode.swift; path = CustomView2.swift; sourceTree = "<group>"; };
		8E0ADC2E23261DF800E1F058 /* CustomView2.xib */ = {isa = PBXFileReference; lastKnownFileType = file.xib; path = CustomView2.xib; sourceTree = "<group>"; };
/* End PBXFileReference section */

/* Begin PBXFrameworksBuildPhase section */
		8E0ADBF22326125E00E1F058 /* Frameworks */ = {
			isa = PBXFrameworksBuildPhase;
			buildActionMask = 2147483647;
			files = (
			);
			runOnlyForDeploymentPostprocessing = 0;
		};
		8E0ADC062326125F00E1F058 /* Frameworks */ = {
			isa = PBXFrameworksBuildPhase;
			buildActionMask = 2147483647;
			files = (
			);
			runOnlyForDeploymentPostprocessing = 0;
		};
		8E0ADC112326125F00E1F058 /* Frameworks */ = {
			isa = PBXFrameworksBuildPhase;
			buildActionMask = 2147483647;
			files = (
			);
			runOnlyForDeploymentPostprocessing = 0;
		};
/* End PBXFrameworksBuildPhase section */

/* Begin PBXGroup section */
		8E0ADBEC2326125E00E1F058 = {
			isa = PBXGroup;
			children = (
				8E0ADC27232615DB00E1F058 /* Controller */,
				8E0ADC26232615D200E1F058 /* View */,
				8E0ADBF72326125E00E1F058 /* アルキロク開発 */,
				8E0ADC0C2326125F00E1F058 /* アルキロク開発Tests */,
				8E0ADC172326125F00E1F058 /* アルキロク開発UITests */,
				8E0ADBF62326125E00E1F058 /* Products */,
			);
			sourceTree = "<group>";
		};
		8E0ADBF62326125E00E1F058 /* Products */ = {
			isa = PBXGroup;
			children = (
				8E0ADBF52326125E00E1F058 /* アルキロク開発.app */,
				8E0ADC092326125F00E1F058 /* アルキロク開発Tests.xctest */,
				8E0ADC142326125F00E1F058 /* アルキロク開発UITests.xctest */,
			);
			name = Products;
			sourceTree = "<group>";
		};
		8E0ADBF72326125E00E1F058 /* アルキロク開発 */ = {
			isa = PBXGroup;
			children = (
				8E0ADBF82326125E00E1F058 /* AppDelegate.swift */,
				8E0ADBFC2326125E00E1F058 /* Main.storyboard */,
				8E0ADBFF2326125F00E1F058 /* Assets.xcassets */,
				8E0ADC012326125F00E1F058 /* LaunchScreen.storyboard */,
				8E0ADC042326125F00E1F058 /* Info.plist */,
			);
			path = "アルキロク開発";
			sourceTree = "<group>";
		};
		8E0ADC0C2326125F00E1F058 /* アルキロク開発Tests */ = {
			isa = PBXGroup;
			children = (
				8E0ADC0D2326125F00E1F058 /* _______Tests.swift */,
				8E0ADC0F2326125F00E1F058 /* Info.plist */,
			);
			path = "アルキロク開発Tests";
			sourceTree = "<group>";
		};
		8E0ADC172326125F00E1F058 /* アルキロク開発UITests */ = {
			isa = PBXGroup;
			children = (
				8E0ADC182326125F00E1F058 /* _______UITests.swift */,
				8E0ADC1A2326125F00E1F058 /* Info.plist */,
			);
			path = "アルキロク開発UITests";
			sourceTree = "<group>";
		};
		8E0ADC26232615D200E1F058 /* View */ = {
			isa = PBXGroup;
			children = (
				8E0ADC282326169600E1F058 /* CustomView.swift */,
				8E0ADC2A232616B700E1F058 /* CustomView.xib */,
				8E0ADC2C23261DDF00E1F058 /* CustomView2.swift */,
				8E0ADC2E23261DF800E1F058 /* CustomView2.xib */,
			);
			path = View;
			sourceTree = "<group>";
		};
		8E0ADC27232615DB00E1F058 /* Controller */ = {
			isa = PBXGroup;
			children = (
				8E0ADBFA2326125E00E1F058 /* ViewController.swift */,
			);
			path = Controller;
			sourceTree = "<group>";
		};
/* End PBXGroup section */

/* Begin PBXNativeTarget section */
		8E0ADBF42326125E00E1F058 /* アルキロク開発 */ = {
			isa = PBXNativeTarget;
			buildConfigurationList = 8E0ADC1D2326125F00E1F058 /* Build configuration list for PBXNativeTarget "アルキロク開発" */;
			buildPhases = (
				8E0ADBF12326125E00E1F058 /* Sources */,
				8E0ADBF22326125E00E1F058 /* Frameworks */,
				8E0ADBF32326125E00E1F058 /* Resources */,
			);
			buildRules = (
			);
			dependencies = (
			);
			name = "アルキロク開発";
			productName = "アルキロク開発";
			productReference = 8E0ADBF52326125E00E1F058 /* アルキロク開発.app */;
			productType = "com.apple.product-type.application";
		};
		8E0ADC082326125F00E1F058 /* アルキロク開発Tests */ = {
			isa = PBXNativeTarget;
			buildConfigurationList = 8E0ADC202326125F00E1F058 /* Build configuration list for PBXNativeTarget "アルキロク開発Tests" */;
			buildPhases = (
				8E0ADC052326125F00E1F058 /* Sources */,
				8E0ADC062326125F00E1F058 /* Frameworks */,
				8E0ADC072326125F00E1F058 /* Resources */,
			);
			buildRules = (
			);
			dependencies = (
				8E0ADC0B2326125F00E1F058 /* PBXTargetDependency */,
			);
			name = "アルキロク開発Tests";
			productName = "アルキロク開発Tests";
			productReference = 8E0ADC092326125F00E1F058 /* アルキロク開発Tests.xctest */;
			productType = "com.apple.product-type.bundle.unit-test";
		};
		8E0ADC132326125F00E1F058 /* アルキロク開発UITests */ = {
			isa = PBXNativeTarget;
			buildConfigurationList = 8E0ADC232326125F00E1F058 /* Build configuration list for PBXNativeTarget "アルキロク開発UITests" */;
			buildPhases = (
				8E0ADC102326125F00E1F058 /* Sources */,
				8E0ADC112326125F00E1F058 /* Frameworks */,
				8E0ADC122326125F00E1F058 /* Resources */,
			);
			buildRules = (
			);
			dependencies = (
				8E0ADC162326125F00E1F058 /* PBXTargetDependency */,
			);
			name = "アルキロク開発UITests";
			productName = "アルキロク開発UITests";
			productReference = 8E0ADC142326125F00E1F058 /* アルキロク開発UITests.xctest */;
			productType = "com.apple.product-type.bundle.ui-testing";
		};
/* End PBXNativeTarget section */

/* Begin PBXProject section */
		8E0ADBED2326125E00E1F058 /* Project object */ = {
			isa = PBXProject;
			attributes = {
				LastSwiftUpdateCheck = 1020;
				LastUpgradeCheck = 1020;
				ORGANIZATIONNAME = "小山順一";
				TargetAttributes = {
					8E0ADBF42326125E00E1F058 = {
						CreatedOnToolsVersion = 10.2;
					};
					8E0ADC082326125F00E1F058 = {
						CreatedOnToolsVersion = 10.2;
						TestTargetID = 8E0ADBF42326125E00E1F058;
					};
					8E0ADC132326125F00E1F058 = {
						CreatedOnToolsVersion = 10.2;
						TestTargetID = 8E0ADBF42326125E00E1F058;
					};
				};
			};
			buildConfigurationList = 8E0ADBF02326125E00E1F058 /* Build configuration list for PBXProject "アルキロク開発" */;
			compatibilityVersion = "Xcode 9.3";
			developmentRegion = en;
			hasScannedForEncodings = 0;
			knownRegions = (
				en,
				Base,
			);
			mainGroup = 8E0ADBEC2326125E00E1F058;
			productRefGroup = 8E0ADBF62326125E00E1F058 /* Products */;
			projectDirPath = "";
			projectRoot = "";
			targets = (
				8E0ADBF42326125E00E1F058 /* アルキロク開発 */,
				8E0ADC082326125F00E1F058 /* アルキロク開発Tests */,
				8E0ADC132326125F00E1F058 /* アルキロク開発UITests */,
			);
		};
/* End PBXProject section */

/* Begin PBXResourcesBuildPhase section */
		8E0ADBF32326125E00E1F058 /* Resources */ = {
			isa = PBXResourcesBuildPhase;
			buildActionMask = 2147483647;
			files = (
				8E0ADC032326125F00E1F058 /* LaunchScreen.storyboard in Resources */,
				8E0ADC2F23261DF800E1F058 /* CustomView2.xib in Resources */,
				8E0ADC2B232616B700E1F058 /* CustomView.xib in Resources */,
				8E0ADC002326125F00E1F058 /* Assets.xcassets in Resources */,
				8E0ADBFE2326125E00E1F058 /* Main.storyboard in Resources */,
			);
			runOnlyForDeploymentPostprocessing = 0;
		};
		8E0ADC072326125F00E1F058 /* Resources */ = {
			isa = PBXResourcesBuildPhase;
			buildActionMask = 2147483647;
			files = (
			);
			runOnlyForDeploymentPostprocessing = 0;
		};
		8E0ADC122326125F00E1F058 /* Resources */ = {
			isa = PBXResourcesBuildPhase;
			buildActionMask = 2147483647;
			files = (
			);
			runOnlyForDeploymentPostprocessing = 0;
		};
/* End PBXResourcesBuildPhase section */

/* Begin PBXSourcesBuildPhase section */
		8E0ADBF12326125E00E1F058 /* Sources */ = {
			isa = PBXSourcesBuildPhase;
			buildActionMask = 2147483647;
			files = (
				8E0ADC2D23261DDF00E1F058 /* CustomView2.swift in Sources */,
				8E0ADC292326169600E1F058 /* CustomView.swift in Sources */,
				8E0ADBFB2326125E00E1F058 /* ViewController.swift in Sources */,
				8E0ADBF92326125E00E1F058 /* AppDelegate.swift in Sources */,
			);
			runOnlyForDeploymentPostprocessing = 0;
		};
		8E0ADC052326125F00E1F058 /* Sources */ = {
			isa = PBXSourcesBuildPhase;
			buildActionMask = 2147483647;
			files = (
				8E0ADC0E2326125F00E1F058 /* _______Tests.swift in Sources */,
			);
			runOnlyForDeploymentPostprocessing = 0;
		};
		8E0ADC102326125F00E1F058 /* Sources */ = {
			isa = PBXSourcesBuildPhase;
			buildActionMask = 2147483647;
			files = (
				8E0ADC192326125F00E1F058 /* _______UITests.swift in Sources */,
			);
			runOnlyForDeploymentPostprocessing = 0;
		};
/* End PBXSourcesBuildPhase section */

/* Begin PBXTargetDependency section */
		8E0ADC0B2326125F00E1F058 /* PBXTargetDependency */ = {
			isa = PBXTargetDependency;
			target = 8E0ADBF42326125E00E1F058 /* アルキロク開発 */;
			targetProxy = 8E0ADC0A2326125F00E1F058 /* PBXContainerItemProxy */;
		};
		8E0ADC162326125F00E1F058 /* PBXTargetDependency */ = {
			isa = PBXTargetDependency;
			target = 8E0ADBF42326125E00E1F058 /* アルキロク開発 */;
			targetProxy = 8E0ADC152326125F00E1F058 /* PBXContainerItemProxy */;
		};
/* End PBXTargetDependency section */

/* Begin PBXVariantGroup section */
		8E0ADBFC2326125E00E1F058 /* Main.storyboard */ = {
			isa = PBXVariantGroup;
			children = (
				8E0ADBFD2326125E00E1F058 /* Base */,
			);
			name = Main.storyboard;
			sourceTree = "<group>";
		};
		8E0ADC012326125F00E1F058 /* LaunchScreen.storyboard */ = {
			isa = PBXVariantGroup;
			children = (
				8E0ADC022326125F00E1F058 /* Base */,
			);
			name = LaunchScreen.storyboard;
			sourceTree = "<group>";
		};
/* End PBXVariantGroup section */

/* Begin XCBuildConfiguration section */
		8E0ADC1B2326125F00E1F058 /* Debug */ = {
			isa = XCBuildConfiguration;
			buildSettings = {
				ALWAYS_SEARCH_USER_PATHS = NO;
				CLANG_ANALYZER_NONNULL = YES;
				CLANG_ANALYZER_NUMBER_OBJECT_CONVERSION = YES_AGGRESSIVE;
				CLANG_CXX_LANGUAGE_STANDARD = "gnu++14";
				CLANG_CXX_LIBRARY = "libc++";
				CLANG_ENABLE_MODULES = YES;
				CLANG_ENABLE_OBJC_ARC = YES;
				CLANG_ENABLE_OBJC_WEAK = YES;
				CLANG_WARN_BLOCK_CAPTURE_AUTORELEASING = YES;
				CLANG_WARN_BOOL_CONVERSION = YES;
				CLANG_WARN_COMMA = YES;
				CLANG_WARN_CONSTANT_CONVERSION = YES;
				CLANG_WARN_DEPRECATED_OBJC_IMPLEMENTATIONS = YES;
				CLANG_WARN_DIRECT_OBJC_ISA_USAGE = YES_ERROR;
				CLANG_WARN_DOCUMENTATION_COMMENTS = YES;
				CLANG_WARN_EMPTY_BODY = YES;
				CLANG_WARN_ENUM_CONVERSION = YES;
				CLANG_WARN_INFINITE_RECURSION = YES;
				CLANG_WARN_INT_CONVERSION = YES;
				CLANG_WARN_NON_LITERAL_NULL_CONVERSION = YES;
				CLANG_WARN_OBJC_IMPLICIT_RETAIN_SELF = YES;
				CLANG_WARN_OBJC_LITERAL_CONVERSION = YES;
				CLANG_WARN_OBJC_ROOT_CLASS = YES_ERROR;
				CLANG_WARN_RANGE_LOOP_ANALYSIS = YES;
				CLANG_WARN_STRICT_PROTOTYPES = YES;
				CLANG_WARN_SUSPICIOUS_MOVE = YES;
				CLANG_WARN_UNGUARDED_AVAILABILITY = YES_AGGRESSIVE;
				CLANG_WARN_UNREACHABLE_CODE = YES;
				CLANG_WARN__DUPLICATE_METHOD_MATCH = YES;
				CODE_SIGN_IDENTITY = "iPhone Developer";
				COPY_PHASE_STRIP = NO;
				DEBUG_INFORMATION_FORMAT = dwarf;
				ENABLE_STRICT_OBJC_MSGSEND = YES;
				ENABLE_TESTABILITY = YES;
				GCC_C_LANGUAGE_STANDARD = gnu11;
				GCC_DYNAMIC_NO_PIC = NO;
				GCC_NO_COMMON_BLOCKS = YES;
				GCC_OPTIMIZATION_LEVEL = 0;
				GCC_PREPROCESSOR_DEFINITIONS = (
					"DEBUG=1",
					"$(inherited)",
				);
				GCC_WARN_64_TO_32_BIT_CONVERSION = YES;
				GCC_WARN_ABOUT_RETURN_TYPE = YES_ERROR;
				GCC_WARN_UNDECLARED_SELECTOR = YES;
				GCC_WARN_UNINITIALIZED_AUTOS = YES_AGGRESSIVE;
				GCC_WARN_UNUSED_FUNCTION = YES;
				GCC_WARN_UNUSED_VARIABLE = YES;
				IPHONEOS_DEPLOYMENT_TARGET = 12.2;
				MTL_ENABLE_DEBUG_INFO = INCLUDE_SOURCE;
				MTL_FAST_MATH = YES;
				ONLY_ACTIVE_ARCH = YES;
				SDKROOT = iphoneos;
				SWIFT_ACTIVE_COMPILATION_CONDITIONS = DEBUG;
				SWIFT_OPTIMIZATION_LEVEL = "-Onone";
			};
			name = Debug;
		};
		8E0ADC1C2326125F00E1F058 /* Release */ = {
			isa = XCBuildConfiguration;
			buildSettings = {
				ALWAYS_SEARCH_USER_PATHS = NO;
				CLANG_ANALYZER_NONNULL = YES;
				CLANG_ANALYZER_NUMBER_OBJECT_CONVERSION = YES_AGGRESSIVE;
				CLANG_CXX_LANGUAGE_STANDARD = "gnu++14";
				CLANG_CXX_LIBRARY = "libc++";
				CLANG_ENABLE_MODULES = YES;
				CLANG_ENABLE_OBJC_ARC = YES;
				CLANG_ENABLE_OBJC_WEAK = YES;
				CLANG_WARN_BLOCK_CAPTURE_AUTORELEASING = YES;
				CLANG_WARN_BOOL_CONVERSION = YES;
				CLANG_WARN_COMMA = YES;
				CLANG_WARN_CONSTANT_CONVERSION = YES;
				CLANG_WARN_DEPRECATED_OBJC_IMPLEMENTATIONS = YES;
				CLANG_WARN_DIRECT_OBJC_ISA_USAGE = YES_ERROR;
				CLANG_WARN_DOCUMENTATION_COMMENTS = YES;
				CLANG_WARN_EMPTY_BODY = YES;
				CLANG_WARN_ENUM_CONVERSION = YES;
				CLANG_WARN_INFINITE_RECURSION = YES;
				CLANG_WARN_INT_CONVERSION = YES;
				CLANG_WARN_NON_LITERAL_NULL_CONVERSION = YES;
				CLANG_WARN_OBJC_IMPLICIT_RETAIN_SELF = YES;
				CLANG_WARN_OBJC_LITERAL_CONVERSION = YES;
				CLANG_WARN_OBJC_ROOT_CLASS = YES_ERROR;
				CLANG_WARN_RANGE_LOOP_ANALYSIS = YES;
				CLANG_WARN_STRICT_PROTOTYPES = YES;
				CLANG_WARN_SUSPICIOUS_MOVE = YES;
				CLANG_WARN_UNGUARDED_AVAILABILITY = YES_AGGRESSIVE;
				CLANG_WARN_UNREACHABLE_CODE = YES;
				CLANG_WARN__DUPLICATE_METHOD_MATCH = YES;
				CODE_SIGN_IDENTITY = "iPhone Developer";
				COPY_PHASE_STRIP = NO;
				DEBUG_INFORMATION_FORMAT = "dwarf-with-dsym";
				ENABLE_NS_ASSERTIONS = NO;
				ENABLE_STRICT_OBJC_MSGSEND = YES;
				GCC_C_LANGUAGE_STANDARD = gnu11;
				GCC_NO_COMMON_BLOCKS = YES;
				GCC_WARN_64_TO_32_BIT_CONVERSION = YES;
				GCC_WARN_ABOUT_RETURN_TYPE = YES_ERROR;
				GCC_WARN_UNDECLARED_SELECTOR = YES;
				GCC_WARN_UNINITIALIZED_AUTOS = YES_AGGRESSIVE;
				GCC_WARN_UNUSED_FUNCTION = YES;
				GCC_WARN_UNUSED_VARIABLE = YES;
				IPHONEOS_DEPLOYMENT_TARGET = 12.2;
				MTL_ENABLE_DEBUG_INFO = NO;
				MTL_FAST_MATH = YES;
				SDKROOT = iphoneos;
				SWIFT_COMPILATION_MODE = wholemodule;
				SWIFT_OPTIMIZATION_LEVEL = "-O";
				VALIDATE_PRODUCT = YES;
			};
			name = Release;
		};
		8E0ADC1E2326125F00E1F058 /* Debug */ = {
			isa = XCBuildConfiguration;
			buildSettings = {
				ASSETCATALOG_COMPILER_APPICON_NAME = AppIcon;
				CODE_SIGN_STYLE = Automatic;
				DEVELOPMENT_TEAM = 647AA26HSS;
				INFOPLIST_FILE = "アルキロク開発/Info.plist";
				LD_RUNPATH_SEARCH_PATHS = (
					"$(inherited)",
					"@executable_path/Frameworks",
				);
				PRODUCT_BUNDLE_IDENTIFIER = "Omoidasidama-KonoLv1.-------";
				PRODUCT_NAME = "$(TARGET_NAME)";
				SWIFT_VERSION = 5.0;
				TARGETED_DEVICE_FAMILY = "1,2";
			};
			name = Debug;
		};
		8E0ADC1F2326125F00E1F058 /* Release */ = {
			isa = XCBuildConfiguration;
			buildSettings = {
				ASSETCATALOG_COMPILER_APPICON_NAME = AppIcon;
				CODE_SIGN_STYLE = Automatic;
				DEVELOPMENT_TEAM = 647AA26HSS;
				INFOPLIST_FILE = "アルキロク開発/Info.plist";
				LD_RUNPATH_SEARCH_PATHS = (
					"$(inherited)",
					"@executable_path/Frameworks",
				);
				PRODUCT_BUNDLE_IDENTIFIER = "Omoidasidama-KonoLv1.-------";
				PRODUCT_NAME = "$(TARGET_NAME)";
				SWIFT_VERSION = 5.0;
				TARGETED_DEVICE_FAMILY = "1,2";
			};
			name = Release;
		};
		8E0ADC212326125F00E1F058 /* Debug */ = {
			isa = XCBuildConfiguration;
			buildSettings = {
				ALWAYS_EMBED_SWIFT_STANDARD_LIBRARIES = YES;
				BUNDLE_LOADER = "$(TEST_HOST)";
				CODE_SIGN_STYLE = Automatic;
				DEVELOPMENT_TEAM = 647AA26HSS;
				INFOPLIST_FILE = "アルキロク開発Tests/Info.plist";
				LD_RUNPATH_SEARCH_PATHS = (
					"$(inherited)",
					"@executable_path/Frameworks",
					"@loader_path/Frameworks",
				);
				PRODUCT_BUNDLE_IDENTIFIER = "Omoidasidama-KonoLv1.-------Tests";
				PRODUCT_NAME = "$(TARGET_NAME)";
				SWIFT_VERSION = 5.0;
				TARGETED_DEVICE_FAMILY = "1,2";
				TEST_HOST = "$(BUILT_PRODUCTS_DIR)/アルキロク開発.app/アルキロク開発";
			};
			name = Debug;
		};
		8E0ADC222326125F00E1F058 /* Release */ = {
			isa = XCBuildConfiguration;
			buildSettings = {
				ALWAYS_EMBED_SWIFT_STANDARD_LIBRARIES = YES;
				BUNDLE_LOADER = "$(TEST_HOST)";
				CODE_SIGN_STYLE = Automatic;
				DEVELOPMENT_TEAM = 647AA26HSS;
				INFOPLIST_FILE = "アルキロク開発Tests/Info.plist";
				LD_RUNPATH_SEARCH_PATHS = (
					"$(inherited)",
					"@executable_path/Frameworks",
					"@loader_path/Frameworks",
				);
				PRODUCT_BUNDLE_IDENTIFIER = "Omoidasidama-KonoLv1.-------Tests";
				PRODUCT_NAME = "$(TARGET_NAME)";
				SWIFT_VERSION = 5.0;
				TARGETED_DEVICE_FAMILY = "1,2";
				TEST_HOST = "$(BUILT_PRODUCTS_DIR)/アルキロク開発.app/アルキロク開発";
			};
			name = Release;
		};
		8E0ADC242326125F00E1F058 /* Debug */ = {
			isa = XCBuildConfiguration;
			buildSettings = {
				ALWAYS_EMBED_SWIFT_STANDARD_LIBRARIES = YES;
				CODE_SIGN_STYLE = Automatic;
				DEVELOPMENT_TEAM = 647AA26HSS;
				INFOPLIST_FILE = "アルキロク開発UITests/Info.plist";
				LD_RUNPATH_SEARCH_PATHS = (
					"$(inherited)",
					"@executable_path/Frameworks",
					"@loader_path/Frameworks",
				);
				PRODUCT_BUNDLE_IDENTIFIER = "Omoidasidama-KonoLv1.-------UITests";
				PRODUCT_NAME = "$(TARGET_NAME)";
				SWIFT_VERSION = 5.0;
				TARGETED_DEVICE_FAMILY = "1,2";
				TEST_TARGET_NAME = "アルキロク開発";
			};
			name = Debug;
		};
		8E0ADC252326125F00E1F058 /* Release */ = {
			isa = XCBuildConfiguration;
			buildSettings = {
				ALWAYS_EMBED_SWIFT_STANDARD_LIBRARIES = YES;
				CODE_SIGN_STYLE = Automatic;
				DEVELOPMENT_TEAM = 647AA26HSS;
				INFOPLIST_FILE = "アルキロク開発UITests/Info.plist";
				LD_RUNPATH_SEARCH_PATHS = (
					"$(inherited)",
					"@executable_path/Frameworks",
					"@loader_path/Frameworks",
				);
				PRODUCT_BUNDLE_IDENTIFIER = "Omoidasidama-KonoLv1.-------UITests";
				PRODUCT_NAME = "$(TARGET_NAME)";
				SWIFT_VERSION = 5.0;
				TARGETED_DEVICE_FAMILY = "1,2";
				TEST_TARGET_NAME = "アルキロク開発";
			};
			name = Release;
		};
/* End XCBuildConfiguration section */

/* Begin XCConfigurationList section */
		8E0ADBF02326125E00E1F058 /* Build configuration list for PBXProject "アルキロク開発" */ = {
			isa = XCConfigurationList;
			buildConfigurations = (
				8E0ADC1B2326125F00E1F058 /* Debug */,
				8E0ADC1C2326125F00E1F058 /* Release */,
			);
			defaultConfigurationIsVisible = 0;
			defaultConfigurationName = Release;
		};
		8E0ADC1D2326125F00E1F058 /* Build configuration list for PBXNativeTarget "アルキロク開発" */ = {
			isa = XCConfigurationList;
			buildConfigurations = (
				8E0ADC1E2326125F00E1F058 /* Debug */,
				8E0ADC1F2326125F00E1F058 /* Release */,
			);
			defaultConfigurationIsVisible = 0;
			defaultConfigurationName = Release;
		};
		8E0ADC202326125F00E1F058 /* Build configuration list for PBXNativeTarget "アルキロク開発Tests" */ = {
			isa = XCConfigurationList;
			buildConfigurations = (
				8E0ADC212326125F00E1F058 /* Debug */,
				8E0ADC222326125F00E1F058 /* Release */,
			);
			defaultConfigurationIsVisible = 0;
			defaultConfigurationName = Release;
		};
		8E0ADC232326125F00E1F058 /* Build configuration list for PBXNativeTarget "アルキロク開発UITests" */ = {
			isa = XCConfigurationList;
			buildConfigurations = (
				8E0ADC242326125F00E1F058 /* Debug */,
				8E0ADC252326125F00E1F058 /* Release */,
			);
			defaultConfigurationIsVisible = 0;
			defaultConfigurationName = Release;
		};
/* End XCConfigurationList section */
	};
	rootObject = 8E0ADBED2326125E00E1F058 /* Project object */;
}
